
Microsoft Visual Studio Solution File, Format Version 12.00
# Visual Studio Version 16
VisualStudioVersion = 16.0.32002.261
MinimumVisualStudioVersion = 10.0.40219.1
Project("{FAE04EC0-301F-11D3-BF4B-00C04F79EFBC}") = "HomeWork7.8", "HomeWork7.8\HomeWork7.8.csproj", "{968E6CF4-B2E8-4189-ABB1-56A5BCF3C95B}"
EndProject
Global
	GlobalSection(SolutionConfigurationPlatforms) = preSolution
		Debug|Any CPU = Debug|Any CPU
		Release|Any CPU = Release|Any CPU
	EndGlobalSection
	GlobalSection(ProjectConfigurationPlatforms) = postSolution
		{968E6CF4-B2E8-4189-ABB1-56A5BCF3C95B}.Debug|Any CPU.ActiveCfg = Debug|Any CPU
		{968E6CF4-B2E8-4189-ABB1-56A5BCF3C95B}.Debug|Any CPU.Build.0 = Debug|Any CPU
		{968E6CF4-B2E8-4189-ABB1-56A5BCF3C95B}.Release|Any CPU.ActiveCfg = Release|Any CPU
		{968E6CF4-B2E8-4189-ABB1-56A5BCF3C95B}.Release|Any CPU.Build.0 = Release|Any CPU
	EndGlobalSection
	GlobalSection(SolutionProperties) = preSolution
		HideSolutionNode = FALSE
	EndGlobalSection
	GlobalSection(ExtensibilityGlobals) = postSolution
		SolutionGuid = {4AEAD3A0-F4AF-4314-8432-4288E5EA4F86}
	EndGlobalSection
EndGlobal
